# This file is automatically @generated by Cargo.
# It is not intended for manual editing.
version = 4

[[package]]
name = "ade-block"
version = "0.0.0"
dependencies = [
 "ade-endian",
]

[[package]]
name = "ade-catalogue"
version = "0.0.0"
dependencies = [
 "ade-object",
]

[[package]]
name = "ade-cli"
version = "0.0.0"
dependencies = [
 "ade-core",
 "ade-fixtures",
]

[[package]]
name = "ade-container"
version = "0.0.0"
dependencies = [
 "ade-block",
 "ade-endian",
]

[[package]]
name = "ade-core"
version = "0.0.0"
dependencies = [
 "ade-block",
 "ade-catalogue",
 "ade-container",
 "ade-endian",
 "ade-filesystem",
 "ade-fixtures",
 "ade-flux",
 "ade-object",
 "ade-track",
]

[[package]]
name = "ade-endian"
version = "0.0.0"

[[package]]
name = "ade-filesystem"
version = "0.0.0"
dependencies = [
 "ade-block",
 "ade-endian",
]

[[package]]
name = "ade-fixtures"
version = "0.0.0"

[[package]]
name = "ade-flux"
version = "0.0.0"
dependencies = [
 "ade-block",
 "ade-track",
]

[[package]]
name = "ade-object"
version = "0.0.0"
dependencies = [
 "ade-filesystem",
]

[[package]]
name = "ade-track"
version = "0.0.0"
dependencies = [
 "ade-block",
 "ade-endian",
]
